Microsoft Visual Studio Solution File, Format Version 12.00
# Visual Studio Version 17
VisualStudioVersion = 17.5.2.0
MinimumVisualStudioVersion = 10.0.40219.1
Project("{FAE04EC0-301F-11D3-BF4B-00C04F79EFBC}") = "LibBMS", "LibBMS\LibBMS.csproj", "{CAFA85DB-1D7A-CFE6-C76D-7E86B19CF1D8}"
EndProject
Global
	GlobalSection(SolutionConfigurationPlatforms) = preSolution
		Debug|Any CPU = Debug|Any CPU
		Release|Any CPU = Release|Any CPU
	EndGlobalSection
	GlobalSection(ProjectConfigurationPlatforms) = postSolution
		{CAFA85DB-1D7A-CFE6-C76D-7E86B19CF1D8}.Debug|Any CPU.ActiveCfg = Debug|Any CPU
		{CAFA85DB-1D7A-CFE6-C76D-7E86B19CF1D8}.Debug|Any CPU.Build.0 = Debug|Any CPU
		{CAFA85DB-1D7A-CFE6-C76D-7E86B19CF1D8}.Release|Any CPU.ActiveCfg = Release|Any CPU
		{CAFA85DB-1D7A-CFE6-C76D-7E86B19CF1D8}.Release|Any CPU.Build.0 = Release|Any CPU
	EndGlobalSection
	GlobalSection(SolutionProperties) = preSolution
		HideSolutionNode = FALSE
	EndGlobalSection
	GlobalSection(ExtensibilityGlobals) = postSolution
		SolutionGuid = {0A52BFD4-42EB-4340-BDA9-D34528CC4008}
	EndGlobalSection
EndGlobal
